
Microsoft Visual Studio Solution File, Format Version 12.00
# Visual Studio Version 17
VisualStudioVersion = 17.14.36310.24 d17.14
MinimumVisualStudioVersion = 10.0.40219.1
Project("{FAE04EC0-301F-11D3-BF4B-00C04F79EFBC}") = "Back-end", "Back-end\Back-end.csproj", "{6A8BE243-BCAA-405E-88AA-E09AD6360203}"
EndProject
Global
	GlobalSection(SolutionConfigurationPlatforms) = preSolution
		Debug|Any CPU = Debug|Any CPU
		Release|Any CPU = Release|Any CPU
	EndGlobalSection
	GlobalSection(ProjectConfigurationPlatforms) = postSolution
		{6A8BE243-BCAA-405E-88AA-E09AD6360203}.Debug|Any CPU.ActiveCfg = Debug|Any CPU
		{6A8BE243-BCAA-405E-88AA-E09AD6360203}.Debug|Any CPU.Build.0 = Debug|Any CPU
		{6A8BE243-BCAA-405E-88AA-E09AD6360203}.Release|Any CPU.ActiveCfg = Release|Any CPU
		{6A8BE243-BCAA-405E-88AA-E09AD6360203}.Release|Any CPU.Build.0 = Release|Any CPU
	EndGlobalSection
	GlobalSection(SolutionProperties) = preSolution
		HideSolutionNode = FALSE
	EndGlobalSection
	GlobalSection(ExtensibilityGlobals) = postSolution
		SolutionGuid = {FC41F62A-DADD-445D-A6EB-74D39AD82DEF}
	EndGlobalSection
EndGlobal
