
Microsoft Visual Studio Solution File, Format Version 12.00
# Visual Studio Version 17
VisualStudioVersion = 17.14.36310.24 d17.14
MinimumVisualStudioVersion = 10.0.40219.1
Project("{FAE04EC0-301F-11D3-BF4B-00C04F79EFBC}") = "Entity", "Back-end\Entity.csproj", "{6A8BE243-BCAA-405E-88AA-E09AD6360203}"
EndProject
Project("{FAE04EC0-301F-11D3-BF4B-00C04F79EFBC}") = "Data", "Data\Data.csproj", "{519AF6DA-E9E5-4A30-9528-DAB305B261BC}"
EndProject
Project("{FAE04EC0-301F-11D3-BF4B-00C04F79EFBC}") = "Utilities", "Utilities\Utilities.csproj", "{87E9E16C-B865-4903-9454-4EC0E32F7C5C}"
EndProject
Project("{FAE04EC0-301F-11D3-BF4B-00C04F79EFBC}") = "Business", "Business\Business.csproj", "{68C7081E-41CD-4A89-8947-9A9A8EE1C301}"
EndProject
Project("{FAE04EC0-301F-11D3-BF4B-00C04F79EFBC}") = "Web", "Web\Web.csproj", "{5347C512-C10B-449D-8E33-72F21AB56E43}"
EndProject
Global
	GlobalSection(SolutionConfigurationPlatforms) = preSolution
		Debug|Any CPU = Debug|Any CPU
		Release|Any CPU = Release|Any CPU
	EndGlobalSection
	GlobalSection(ProjectConfigurationPlatforms) = postSolution
		{6A8BE243-BCAA-405E-88AA-E09AD6360203}.Debug|Any CPU.ActiveCfg = Debug|Any CPU
		{6A8BE243-BCAA-405E-88AA-E09AD6360203}.Debug|Any CPU.Build.0 = Debug|Any CPU
		{6A8BE243-BCAA-405E-88AA-E09AD6360203}.Release|Any CPU.ActiveCfg = Release|Any CPU
		{6A8BE243-BCAA-405E-88AA-E09AD6360203}.Release|Any CPU.Build.0 = Release|Any CPU
		{519AF6DA-E9E5-4A30-9528-DAB305B261BC}.Debug|Any CPU.ActiveCfg = Debug|Any CPU
		{519AF6DA-E9E5-4A30-9528-DAB305B261BC}.Debug|Any CPU.Build.0 = Debug|Any CPU
		{519AF6DA-E9E5-4A30-9528-DAB305B261BC}.Release|Any CPU.ActiveCfg = Release|Any CPU
		{519AF6DA-E9E5-4A30-9528-DAB305B261BC}.Release|Any CPU.Build.0 = Release|Any CPU
		{87E9E16C-B865-4903-9454-4EC0E32F7C5C}.Debug|Any CPU.ActiveCfg = Debug|Any CPU
		{87E9E16C-B865-4903-9454-4EC0E32F7C5C}.Debug|Any CPU.Build.0 = Debug|Any CPU
		{87E9E16C-B865-4903-9454-4EC0E32F7C5C}.Release|Any CPU.ActiveCfg = Release|Any CPU
		{87E9E16C-B865-4903-9454-4EC0E32F7C5C}.Release|Any CPU.Build.0 = Release|Any CPU
		{68C7081E-41CD-4A89-8947-9A9A8EE1C301}.Debug|Any CPU.ActiveCfg = Debug|Any CPU
		{68C7081E-41CD-4A89-8947-9A9A8EE1C301}.Debug|Any CPU.Build.0 = Debug|Any CPU
		{68C7081E-41CD-4A89-8947-9A9A8EE1C301}.Release|Any CPU.ActiveCfg = Release|Any CPU
		{68C7081E-41CD-4A89-8947-9A9A8EE1C301}.Release|Any CPU.Build.0 = Release|Any CPU
		{5347C512-C10B-449D-8E33-72F21AB56E43}.Debug|Any CPU.ActiveCfg = Debug|Any CPU
		{5347C512-C10B-449D-8E33-72F21AB56E43}.Debug|Any CPU.Build.0 = Debug|Any CPU
		{5347C512-C10B-449D-8E33-72F21AB56E43}.Release|Any CPU.ActiveCfg = Release|Any CPU
		{5347C512-C10B-449D-8E33-72F21AB56E43}.Release|Any CPU.Build.0 = Release|Any CPU
	EndGlobalSection
	GlobalSection(SolutionProperties) = preSolution
		HideSolutionNode = FALSE
	EndGlobalSection
	GlobalSection(ExtensibilityGlobals) = postSolution
		SolutionGuid = {FC41F62A-DADD-445D-A6EB-74D39AD82DEF}
	EndGlobalSection
EndGlobal
